// !$*UTF8*$!
{
	archiveVersion = 1;
	classes = {
	};
	objectVersion = 46;
	objects = {

/* Begin PBXBuildFile section */
		9D11DF3C156756180002D8A1 /* main.cpp in Sources */ = {isa = PBXBuildFile; fileRef = 9D11DF3B156756180002D8A1 /* main.cpp */; };
		9D11DF78156756180002D8A1 /* EEPROM.cpp in Sources */ = {isa = PBXBuildFile; fileRef = 9D11DF77156756180002D8A1 /* EEPROM.cpp */; };
		9D11DF7B156756180002D8A1 /* Client.cpp in Sources */ = {isa = PBXBuildFile; fileRef = 9D11DF7A156756180002D8A1 /* Client.cpp */; };
		9D11DF7E156756180002D8A1 /* Ethernet.cpp in Sources */ = {isa = PBXBuildFile; fileRef = 9D11DF7D156756180002D8A1 /* Ethernet.cpp */; };
		9D11DF81156756180002D8A1 /* Server.cpp in Sources */ = {isa = PBXBuildFile; fileRef = 9D11DF80156756180002D8A1 /* Server.cpp */; };
		9D11DF84156756180002D8A1 /* Udp.cpp in Sources */ = {isa = PBXBuildFile; fileRef = 9D11DF83156756180002D8A1 /* Udp.cpp */; };
		9D11DF88156756180002D8A1 /* socket.cpp in Sources */ = {isa = PBXBuildFile; fileRef = 9D11DF87156756180002D8A1 /* socket.cpp */; };
		9D11DF8B156756180002D8A1 /* w5100.cpp in Sources */ = {isa = PBXBuildFile; fileRef = 9D11DF8A156756180002D8A1 /* w5100.cpp */; };
		9D11DF90156756180002D8A1 /* Firmata.cpp in Sources */ = {isa = PBXBuildFile; fileRef = 9D11DF8F156756180002D8A1 /* Firmata.cpp */; };
		9D11DF94156756180002D8A1 /* LiquidCrystal.cpp in Sources */ = {isa = PBXBuildFile; fileRef = 9D11DF93156756180002D8A1 /* LiquidCrystal.cpp */; };
		9D11DF98156756190002D8A1 /* Matrix.cpp in Sources */ = {isa = PBXBuildFile; fileRef = 9D11DF97156756190002D8A1 /* Matrix.cpp */; };
		9D11DFB0156756190002D8A1 /* Servo.cpp in Sources */ = {isa = PBXBuildFile; fileRef = 9D11DFAF156756190002D8A1 /* Servo.cpp */; };
		9D11DFB4156756190002D8A1 /* SoftwareSerial.cpp in Sources */ = {isa = PBXBuildFile; fileRef = 9D11DFB3156756190002D8A1 /* SoftwareSerial.cpp */; };
		9D11DFB8156756190002D8A1 /* SPI.cpp in Sources */ = {isa = PBXBuildFile; fileRef = 9D11DFB7156756190002D8A1 /* SPI.cpp */; };
		9D11DFBD156756190002D8A1 /* Sprite.cpp in Sources */ = {isa = PBXBuildFile; fileRef = 9D11DFBC156756190002D8A1 /* Sprite.cpp */; };
		9D11DFC1156756190002D8A1 /* Stepper.cpp in Sources */ = {isa = PBXBuildFile; fileRef = 9D11DFC0156756190002D8A1 /* Stepper.cpp */; };
		9D11DFC6156756190002D8A1 /* twi.c in Sources */ = {isa = PBXBuildFile; fileRef = 9D11DFC5156756190002D8A1 /* twi.c */; };
		9D11DFC9156756190002D8A1 /* Wire.cpp in Sources */ = {isa = PBXBuildFile; fileRef = 9D11DFC8156756190002D8A1 /* Wire.cpp */; };
		9D11E07D1567561A0002D8A1 /* pins_arduino.c in Sources */ = {isa = PBXBuildFile; fileRef = 9D11E07C1567561A0002D8A1 /* pins_arduino.c */; };
		9D11E07F1567561A0002D8A1 /* WInterrupts.c in Sources */ = {isa = PBXBuildFile; fileRef = 9D11E07E1567561A0002D8A1 /* WInterrupts.c */; };
		9D11E0811567561A0002D8A1 /* wiring.c in Sources */ = {isa = PBXBuildFile; fileRef = 9D11E0801567561A0002D8A1 /* wiring.c */; };
		9D11E0831567561A0002D8A1 /* wiring_analog.c in Sources */ = {isa = PBXBuildFile; fileRef = 9D11E0821567561A0002D8A1 /* wiring_analog.c */; };
		9D11E0851567561A0002D8A1 /* wiring_digital.c in Sources */ = {isa = PBXBuildFile; fileRef = 9D11E0841567561A0002D8A1 /* wiring_digital.c */; };
		9D11E0871567561A0002D8A1 /* wiring_pulse.c in Sources */ = {isa = PBXBuildFile; fileRef = 9D11E0861567561A0002D8A1 /* wiring_pulse.c */; };
		9D11E0891567561A0002D8A1 /* wiring_shift.c in Sources */ = {isa = PBXBuildFile; fileRef = 9D11E0881567561A0002D8A1 /* wiring_shift.c */; };
		9D11E08B1567561A0002D8A1 /* HardwareSerial.cpp in Sources */ = {isa = PBXBuildFile; fileRef = 9D11E08A1567561A0002D8A1 /* HardwareSerial.cpp */; };
		9D11E08D1567561A0002D8A1 /* Print.cpp in Sources */ = {isa = PBXBuildFile; fileRef = 9D11E08C1567561A0002D8A1 /* Print.cpp */; };
		9D11E08F1567561A0002D8A1 /* Tone.cpp in Sources */ = {isa = PBXBuildFile; fileRef = 9D11E08E1567561A0002D8A1 /* Tone.cpp */; };
		9D11E0911567561A0002D8A1 /* WMath.cpp in Sources */ = {isa = PBXBuildFile; fileRef = 9D11E0901567561A0002D8A1 /* WMath.cpp */; };
		9D11E0931567561A0002D8A1 /* WString.cpp in Sources */ = {isa = PBXBuildFile; fileRef = 9D11E0921567561A0002D8A1 /* WString.cpp */; };
		9D11E1A0156759730002D8A1 /* ChargerControl.pde in Sources */ = {isa = PBXBuildFile; fileRef = 9D11DF3D156756180002D8A1 /* ChargerControl.pde */; };
		9D11E1AF156759730002D8A1 /* EEPROM.h in Sources */ = {isa = PBXBuildFile; fileRef = 9D11DF76156756180002D8A1 /* EEPROM.h */; };
		9D11E1B0156759730002D8A1 /* Client.h in Sources */ = {isa = PBXBuildFile; fileRef = 9D11DF7C156756180002D8A1 /* Client.h */; };
		9D11E1B1156759730002D8A1 /* Ethernet.h in Sources */ = {isa = PBXBuildFile; fileRef = 9D11DF7F156756180002D8A1 /* Ethernet.h */; };
		9D11E1B2156759730002D8A1 /* Server.h in Sources */ = {isa = PBXBuildFile; fileRef = 9D11DF82156756180002D8A1 /* Server.h */; };
		9D11E1B3156759730002D8A1 /* Udp.h in Sources */ = {isa = PBXBuildFile; fileRef = 9D11DF85156756180002D8A1 /* Udp.h */; };
		9D11E1B4156759730002D8A1 /* socket.h in Sources */ = {isa = PBXBuildFile; fileRef = 9D11DF89156756180002D8A1 /* socket.h */; };
		9D11E1B5156759730002D8A1 /* w5100.h in Sources */ = {isa = PBXBuildFile; fileRef = 9D11DF8C156756180002D8A1 /* w5100.h */; };
		9D11E1B6156759730002D8A1 /* Boards.h in Sources */ = {isa = PBXBuildFile; fileRef = 9D11DF8E156756180002D8A1 /* Boards.h */; };
		9D11E1B7156759730002D8A1 /* Firmata.h in Sources */ = {isa = PBXBuildFile; fileRef = 9D11DF91156756180002D8A1 /* Firmata.h */; };
		9D11E1B8156759730002D8A1 /* LiquidCrystal.h in Sources */ = {isa = PBXBuildFile; fileRef = 9D11DF95156756190002D8A1 /* LiquidCrystal.h */; };
		9D11E1B9156759730002D8A1 /* Matrix.h in Sources */ = {isa = PBXBuildFile; fileRef = 9D11DF99156756190002D8A1 /* Matrix.h */; };
		9D11E1C2156759730002D8A1 /* Servo.h in Sources */ = {isa = PBXBuildFile; fileRef = 9D11DFB1156756190002D8A1 /* Servo.h */; };
		9D11E1C3156759730002D8A1 /* SoftwareSerial.h in Sources */ = {isa = PBXBuildFile; fileRef = 9D11DFB5156756190002D8A1 /* SoftwareSerial.h */; };
		9D11E1C4156759730002D8A1 /* SPI.h in Sources */ = {isa = PBXBuildFile; fileRef = 9D11DFB9156756190002D8A1 /* SPI.h */; };
		9D11E1C5156759730002D8A1 /* binary.h in Sources */ = {isa = PBXBuildFile; fileRef = 9D11DFBB156756190002D8A1 /* binary.h */; };
		9D11E1C6156759730002D8A1 /* Sprite.h in Sources */ = {isa = PBXBuildFile; fileRef = 9D11DFBE156756190002D8A1 /* Sprite.h */; };
		9D11E1C7156759730002D8A1 /* Stepper.h in Sources */ = {isa = PBXBuildFile; fileRef = 9D11DFC2156756190002D8A1 /* Stepper.h */; };
		9D11E1C8156759730002D8A1 /* Wire.h in Sources */ = {isa = PBXBuildFile; fileRef = 9D11DFCA156756190002D8A1 /* Wire.h */; };
		9D11E1C9156759730002D8A1 /* twi.h in Sources */ = {isa = PBXBuildFile; fileRef = 9D11DFC7156756190002D8A1 /* twi.h */; };
		9D11E1CA156759730002D8A1 /* binary.h in Sources */ = {isa = PBXBuildFile; fileRef = 9D11E0711567561A0002D8A1 /* binary.h */; };
		9D11E1CB156759730002D8A1 /* HardwareSerial.h in Sources */ = {isa = PBXBuildFile; fileRef = 9D11E0721567561A0002D8A1 /* HardwareSerial.h */; };
		9D11E1CC156759730002D8A1 /* pins_arduino.h in Sources */ = {isa = PBXBuildFile; fileRef = 9D11E0731567561A0002D8A1 /* pins_arduino.h */; };
		9D11E1CD156759730002D8A1 /* Print.h in Sources */ = {isa = PBXBuildFile; fileRef = 9D11E0741567561A0002D8A1 /* Print.h */; };
		9D11E1CE156759730002D8A1 /* Stream.h in Sources */ = {isa = PBXBuildFile; fileRef = 9D11E0751567561A0002D8A1 /* Stream.h */; };
		9D11E1CF156759730002D8A1 /* WCharacter.h in Sources */ = {isa = PBXBuildFile; fileRef = 9D11E0761567561A0002D8A1 /* WCharacter.h */; };
		9D11E1D0156759730002D8A1 /* WConstants.h in Sources */ = {isa = PBXBuildFile; fileRef = 9D11E0771567561A0002D8A1 /* WConstants.h */; };
		9D11E1D1156759730002D8A1 /* wiring.h in Sources */ = {isa = PBXBuildFile; fileRef = 9D11E0781567561A0002D8A1 /* wiring.h */; };
		9D11E1D2156759730002D8A1 /* wiring_private.h in Sources */ = {isa = PBXBuildFile; fileRef = 9D11E0791567561A0002D8A1 /* wiring_private.h */; };
		9D11E1D3156759730002D8A1 /* WProgram.h in Sources */ = {isa = PBXBuildFile; fileRef = 9D11E07A1567561A0002D8A1 /* WProgram.h */; };
		9D11E1D4156759730002D8A1 /* WString.h in Sources */ = {isa = PBXBuildFile; fileRef = 9D11E07B1567561A0002D8A1 /* WString.h */; };
		9DD4DA551574273C009DEAE0 /* CrbMenu.cpp in Sources */ = {isa = PBXBuildFile; fileRef = 9DD4DA541574273C009DEAE0 /* CrbMenu.cpp */; };
		9DD4DA5F1574405D009DEAE0 /* CrbMenu.h in Sources */ = {isa = PBXBuildFile; fileRef = 9DD4DA5715742748009DEAE0 /* CrbMenu.h */; };
/* End PBXBuildFile section */

/* Begin PBXFileReference section */
		9D11DF30156756180002D8A1 /* Index */ = {isa = PBXFileReference; explicitFileType = "compiled.mach-o.executable"; includeInIndex = 0; path = Index; sourceTree = BUILT_PRODUCTS_DIR; };
		9D11DF3B156756180002D8A1 /* main.cpp */ = {isa = PBXFileReference; lastKnownFileType = sourcecode.cpp.cpp; path = main.cpp; sourceTree = "<group>"; };
		9D11DF3D156756180002D8A1 /* ChargerControl.pde */ = {isa = PBXFileReference; explicitFileType = sourcecode.cpp.cpp; path = ChargerControl.pde; sourceTree = "<group>"; };
		9D11DF42156756180002D8A1 /* Sketchbook */ = {isa = PBXFileReference; lastKnownFileType = text; path = Sketchbook; sourceTree = "<group>"; };
		9D11DF76156756180002D8A1 /* EEPROM.h */ = {isa = PBXFileReference; lastKnownFileType = sourcecode.c.h; name = EEPROM.h; path = Arduino/libraries/EEPROM/EEPROM.h; sourceTree = "<group>"; };
		9D11DF77156756180002D8A1 /* EEPROM.cpp */ = {isa = PBXFileReference; lastKnownFileType = sourcecode.cpp.cpp; name = EEPROM.cpp; path = Arduino/libraries/EEPROM/EEPROM.cpp; sourceTree = "<group>"; };
		9D11DF7A156756180002D8A1 /* Client.cpp */ = {isa = PBXFileReference; lastKnownFileType = sourcecode.cpp.cpp; name = Client.cpp; path = Arduino/libraries/Ethernet/Client.cpp; sourceTree = "<group>"; };
		9D11DF7C156756180002D8A1 /* Client.h */ = {isa = PBXFileReference; lastKnownFileType = sourcecode.c.h; name = Client.h; path = Arduino/libraries/Ethernet/Client.h; sourceTree = "<group>"; };
		9D11DF7D156756180002D8A1 /* Ethernet.cpp */ = {isa = PBXFileReference; lastKnownFileType = sourcecode.cpp.cpp; name = Ethernet.cpp; path = Arduino/libraries/Ethernet/Ethernet.cpp; sourceTree = "<group>"; };
		9D11DF7F156756180002D8A1 /* Ethernet.h */ = {isa = PBXFileReference; lastKnownFileType = sourcecode.c.h; name = Ethernet.h; path = Arduino/libraries/Ethernet/Ethernet.h; sourceTree = "<group>"; };
		9D11DF80156756180002D8A1 /* Server.cpp */ = {isa = PBXFileReference; lastKnownFileType = sourcecode.cpp.cpp; name = Server.cpp; path = Arduino/libraries/Ethernet/Server.cpp; sourceTree = "<group>"; };
		9D11DF82156756180002D8A1 /* Server.h */ = {isa = PBXFileReference; lastKnownFileType = sourcecode.c.h; name = Server.h; path = Arduino/libraries/Ethernet/Server.h; sourceTree = "<group>"; };
		9D11DF83156756180002D8A1 /* Udp.cpp */ = {isa = PBXFileReference; lastKnownFileType = sourcecode.cpp.cpp; name = Udp.cpp; path = Arduino/libraries/Ethernet/Udp.cpp; sourceTree = "<group>"; };
		9D11DF85156756180002D8A1 /* Udp.h */ = {isa = PBXFileReference; lastKnownFileType = sourcecode.c.h; name = Udp.h; path = Arduino/libraries/Ethernet/Udp.h; sourceTree = "<group>"; };
		9D11DF87156756180002D8A1 /* socket.cpp */ = {isa = PBXFileReference; lastKnownFileType = sourcecode.cpp.cpp; name = socket.cpp; path = Arduino/libraries/Ethernet/utility/socket.cpp; sourceTree = "<group>"; };
		9D11DF89156756180002D8A1 /* socket.h */ = {isa = PBXFileReference; lastKnownFileType = sourcecode.c.h; name = socket.h; path = Arduino/libraries/Ethernet/utility/socket.h; sourceTree = "<group>"; };
		9D11DF8A156756180002D8A1 /* w5100.cpp */ = {isa = PBXFileReference; lastKnownFileType = sourcecode.cpp.cpp; name = w5100.cpp; path = Arduino/libraries/Ethernet/utility/w5100.cpp; sourceTree = "<group>"; };
		9D11DF8C156756180002D8A1 /* w5100.h */ = {isa = PBXFileReference; lastKnownFileType = sourcecode.c.h; name = w5100.h; path = Arduino/libraries/Ethernet/utility/w5100.h; sourceTree = "<group>"; };
		9D11DF8E156756180002D8A1 /* Boards.h */ = {isa = PBXFileReference; lastKnownFileType = sourcecode.c.h; name = Boards.h; path = Arduino/libraries/Firmata/Boards.h; sourceTree = "<group>"; };
		9D11DF8F156756180002D8A1 /* Firmata.cpp */ = {isa = PBXFileReference; lastKnownFileType = sourcecode.cpp.cpp; name = Firmata.cpp; path = Arduino/libraries/Firmata/Firmata.cpp; sourceTree = "<group>"; };
		9D11DF91156756180002D8A1 /* Firmata.h */ = {isa = PBXFileReference; lastKnownFileType = sourcecode.c.h; name = Firmata.h; path = Arduino/libraries/Firmata/Firmata.h; sourceTree = "<group>"; };
		9D11DF93156756180002D8A1 /* LiquidCrystal.cpp */ = {isa = PBXFileReference; lastKnownFileType = sourcecode.cpp.cpp; name = LiquidCrystal.cpp; path = Arduino/libraries/LiquidCrystal/LiquidCrystal.cpp; sourceTree = "<group>"; };
		9D11DF95156756190002D8A1 /* LiquidCrystal.h */ = {isa = PBXFileReference; lastKnownFileType = sourcecode.c.h; name = LiquidCrystal.h; path = Arduino/libraries/LiquidCrystal/LiquidCrystal.h; sourceTree = "<group>"; };
		9D11DF97156756190002D8A1 /* Matrix.cpp */ = {isa = PBXFileReference; lastKnownFileType = sourcecode.cpp.cpp; name = Matrix.cpp; path = Arduino/libraries/Matrix/Matrix.cpp; sourceTree = "<group>"; };
		9D11DF99156756190002D8A1 /* Matrix.h */ = {isa = PBXFileReference; lastKnownFileType = sourcecode.c.h; name = Matrix.h; path = Arduino/libraries/Matrix/Matrix.h; sourceTree = "<group>"; };
		9D11DFAF156756190002D8A1 /* Servo.cpp */ = {isa = PBXFileReference; lastKnownFileType = sourcecode.cpp.cpp; name = Servo.cpp; path = Arduino/libraries/Servo/Servo.cpp; sourceTree = "<group>"; };
		9D11DFB1156756190002D8A1 /* Servo.h */ = {isa = PBXFileReference; lastKnownFileType = sourcecode.c.h; name = Servo.h; path = Arduino/libraries/Servo/Servo.h; sourceTree = "<group>"; };
		9D11DFB3156756190002D8A1 /* SoftwareSerial.cpp */ = {isa = PBXFileReference; lastKnownFileType = sourcecode.cpp.cpp; name = SoftwareSerial.cpp; path = Arduino/libraries/SoftwareSerial/SoftwareSerial.cpp; sourceTree = "<group>"; };
		9D11DFB5156756190002D8A1 /* SoftwareSerial.h */ = {isa = PBXFileReference; lastKnownFileType = sourcecode.c.h; name = SoftwareSerial.h; path = Arduino/libraries/SoftwareSerial/SoftwareSerial.h; sourceTree = "<group>"; };
		9D11DFB7156756190002D8A1 /* SPI.cpp */ = {isa = PBXFileReference; lastKnownFileType = sourcecode.cpp.cpp; name = SPI.cpp; path = Arduino/libraries/SPI/SPI.cpp; sourceTree = "<group>"; };
		9D11DFB9156756190002D8A1 /* SPI.h */ = {isa = PBXFileReference; lastKnownFileType = sourcecode.c.h; name = SPI.h; path = Arduino/libraries/SPI/SPI.h; sourceTree = "<group>"; };
		9D11DFBB156756190002D8A1 /* binary.h */ = {isa = PBXFileReference; lastKnownFileType = sourcecode.c.h; name = binary.h; path = Arduino/libraries/Sprite/binary.h; sourceTree = "<group>"; };
		9D11DFBC156756190002D8A1 /* Sprite.cpp */ = {isa = PBXFileReference; lastKnownFileType = sourcecode.cpp.cpp; name = Sprite.cpp; path = Arduino/libraries/Sprite/Sprite.cpp; sourceTree = "<group>"; };
		9D11DFBE156756190002D8A1 /* Sprite.h */ = {isa = PBXFileReference; lastKnownFileType = sourcecode.c.h; name = Sprite.h; path = Arduino/libraries/Sprite/Sprite.h; sourceTree = "<group>"; };
		9D11DFC0156756190002D8A1 /* Stepper.cpp */ = {isa = PBXFileReference; lastKnownFileType = sourcecode.cpp.cpp; name = Stepper.cpp; path = Arduino/libraries/Stepper/Stepper.cpp; sourceTree = "<group>"; };
		9D11DFC2156756190002D8A1 /* Stepper.h */ = {isa = PBXFileReference; lastKnownFileType = sourcecode.c.h; name = Stepper.h; path = Arduino/libraries/Stepper/Stepper.h; sourceTree = "<group>"; };
		9D11DFC5156756190002D8A1 /* twi.c */ = {isa = PBXFileReference; lastKnownFileType = sourcecode.c.c; name = twi.c; path = Arduino/libraries/Wire/utility/twi.c; sourceTree = "<group>"; };
		9D11DFC7156756190002D8A1 /* twi.h */ = {isa = PBXFileReference; lastKnownFileType = sourcecode.c.h; name = twi.h; path = Arduino/libraries/Wire/utility/twi.h; sourceTree = "<group>"; };
		9D11DFC8156756190002D8A1 /* Wire.cpp */ = {isa = PBXFileReference; lastKnownFileType = sourcecode.cpp.cpp; name = Wire.cpp; path = Arduino/libraries/Wire/Wire.cpp; sourceTree = "<group>"; };
		9D11DFCA156756190002D8A1 /* Wire.h */ = {isa = PBXFileReference; lastKnownFileType = sourcecode.c.h; name = Wire.h; path = Arduino/libraries/Wire/Wire.h; sourceTree = "<group>"; };
		9D11E0711567561A0002D8A1 /* binary.h */ = {isa = PBXFileReference; lastKnownFileType = sourcecode.c.h; name = binary.h; path = Arduino/cores/arduino/binary.h; sourceTree = "<group>"; };
		9D11E0721567561A0002D8A1 /* HardwareSerial.h */ = {isa = PBXFileReference; lastKnownFileType = sourcecode.c.h; name = HardwareSerial.h; path = Arduino/cores/arduino/HardwareSerial.h; sourceTree = "<group>"; };
		9D11E0731567561A0002D8A1 /* pins_arduino.h */ = {isa = PBXFileReference; lastKnownFileType = sourcecode.c.h; name = pins_arduino.h; path = Arduino/cores/arduino/pins_arduino.h; sourceTree = "<group>"; };
		9D11E0741567561A0002D8A1 /* Print.h */ = {isa = PBXFileReference; lastKnownFileType = sourcecode.c.h; name = Print.h; path = Arduino/cores/arduino/Print.h; sourceTree = "<group>"; };
		9D11E0751567561A0002D8A1 /* Stream.h */ = {isa = PBXFileReference; lastKnownFileType = sourcecode.c.h; name = Stream.h; path = Arduino/cores/arduino/Stream.h; sourceTree = "<group>"; };
		9D11E0761567561A0002D8A1 /* WCharacter.h */ = {isa = PBXFileReference; lastKnownFileType = sourcecode.c.h; name = WCharacter.h; path = Arduino/cores/arduino/WCharacter.h; sourceTree = "<group>"; };
		9D11E0771567561A0002D8A1 /* WConstants.h */ = {isa = PBXFileReference; lastKnownFileType = sourcecode.c.h; name = WConstants.h; path = Arduino/cores/arduino/WConstants.h; sourceTree = "<group>"; };
		9D11E0781567561A0002D8A1 /* wiring.h */ = {isa = PBXFileReference; lastKnownFileType = sourcecode.c.h; name = wiring.h; path = Arduino/cores/arduino/wiring.h; sourceTree = "<group>"; };
		9D11E0791567561A0002D8A1 /* wiring_private.h */ = {isa = PBXFileReference; lastKnownFileType = sourcecode.c.h; name = wiring_private.h; path = Arduino/cores/arduino/wiring_private.h; sourceTree = "<group>"; };
		9D11E07A1567561A0002D8A1 /* WProgram.h */ = {isa = PBXFileReference; lastKnownFileType = sourcecode.c.h; name = WProgram.h; path = Arduino/cores/arduino/WProgram.h; sourceTree = "<group>"; };
		9D11E07B1567561A0002D8A1 /* WString.h */ = {isa = PBXFileReference; lastKnownFileType = sourcecode.c.h; name = WString.h; path = Arduino/cores/arduino/WString.h; sourceTree = "<group>"; };
		9D11E07C1567561A0002D8A1 /* pins_arduino.c */ = {isa = PBXFileReference; lastKnownFileType = sourcecode.c.c; name = pins_arduino.c; path = Arduino/cores/arduino/pins_arduino.c; sourceTree = "<group>"; };
		9D11E07E1567561A0002D8A1 /* WInterrupts.c */ = {isa = PBXFileReference; lastKnownFileType = sourcecode.c.c; name = WInterrupts.c; path = Arduino/cores/arduino/WInterrupts.c; sourceTree = "<group>"; };
		9D11E0801567561A0002D8A1 /* wiring.c */ = {isa = PBXFileReference; lastKnownFileType = sourcecode.c.c; name = wiring.c; path = Arduino/cores/arduino/wiring.c; sourceTree = "<group>"; };
		9D11E0821567561A0002D8A1 /* wiring_analog.c */ = {isa = PBXFileReference; lastKnownFileType = sourcecode.c.c; name = wiring_analog.c; path = Arduino/cores/arduino/wiring_analog.c; sourceTree = "<group>"; };
		9D11E0841567561A0002D8A1 /* wiring_digital.c */ = {isa = PBXFileReference; lastKnownFileType = sourcecode.c.c; name = wiring_digital.c; path = Arduino/cores/arduino/wiring_digital.c; sourceTree = "<group>"; };
		9D11E0861567561A0002D8A1 /* wiring_pulse.c */ = {isa = PBXFileReference; lastKnownFileType = sourcecode.c.c; name = wiring_pulse.c; path = Arduino/cores/arduino/wiring_pulse.c; sourceTree = "<group>"; };
		9D11E0881567561A0002D8A1 /* wiring_shift.c */ = {isa = PBXFileReference; lastKnownFileType = sourcecode.c.c; name = wiring_shift.c; path = Arduino/cores/arduino/wiring_shift.c; sourceTree = "<group>"; };
		9D11E08A1567561A0002D8A1 /* HardwareSerial.cpp */ = {isa = PBXFileReference; lastKnownFileType = sourcecode.cpp.cpp; name = HardwareSerial.cpp; path = Arduino/cores/arduino/HardwareSerial.cpp; sourceTree = "<group>"; };
		9D11E08C1567561A0002D8A1 /* Print.cpp */ = {isa = PBXFileReference; lastKnownFileType = sourcecode.cpp.cpp; name = Print.cpp; path = Arduino/cores/arduino/Print.cpp; sourceTree = "<group>"; };
		9D11E08E1567561A0002D8A1 /* Tone.cpp */ = {isa = PBXFileReference; lastKnownFileType = sourcecode.cpp.cpp; name = Tone.cpp; path = Arduino/cores/arduino/Tone.cpp; sourceTree = "<group>"; };
		9D11E0901567561A0002D8A1 /* WMath.cpp */ = {isa = PBXFileReference; lastKnownFileType = sourcecode.cpp.cpp; name = WMath.cpp; path = Arduino/cores/arduino/WMath.cpp; sourceTree = "<group>"; };
		9D11E0921567561A0002D8A1 /* WString.cpp */ = {isa = PBXFileReference; lastKnownFileType = sourcecode.cpp.cpp; name = WString.cpp; path = Arduino/cores/arduino/WString.cpp; sourceTree = "<group>"; };
		9D11E1661567561A0002D8A1 /* Arduino mega2560.xcconfig */ = {isa = PBXFileReference; lastKnownFileType = text.xcconfig; name = "Arduino mega2560.xcconfig"; path = "Config/Arduino mega2560.xcconfig"; sourceTree = "<group>"; };
		9D11E1671567561A0002D8A1 /* Arduino mini pro.xcconfig */ = {isa = PBXFileReference; lastKnownFileType = text.xcconfig; name = "Arduino mini pro.xcconfig"; path = "Config/Arduino mini pro.xcconfig"; sourceTree = "<group>"; };
		9D11E1681567561A0002D8A1 /* Arduino UNO.xcconfig */ = {isa = PBXFileReference; lastKnownFileType = text.xcconfig; name = "Arduino UNO.xcconfig"; path = "Config/Arduino UNO.xcconfig"; sourceTree = "<group>"; };
		9D11E1691567561A0002D8A1 /* chipKIT UNO32.xcconfig */ = {isa = PBXFileReference; lastKnownFileType = text.xcconfig; name = "chipKIT UNO32.xcconfig"; path = "Config/chipKIT UNO32.xcconfig"; sourceTree = "<group>"; };
		9D11E16A1567561A0002D8A1 /* LaunchPad with msp430g2231.xcconfig */ = {isa = PBXFileReference; lastKnownFileType = text.xcconfig; name = "LaunchPad with msp430g2231.xcconfig"; path = "Config/LaunchPad with msp430g2231.xcconfig"; sourceTree = "<group>"; };
		9D11E16B1567561A0002D8A1 /* LaunchPad with msp430g2452.xcconfig */ = {isa = PBXFileReference; lastKnownFileType = text.xcconfig; name = "LaunchPad with msp430g2452.xcconfig"; path = "Config/LaunchPad with msp430g2452.xcconfig"; sourceTree = "<group>"; };
		9D11E16C1567561A0002D8A1 /* LaunchPad with msp430g2553.xcconfig */ = {isa = PBXFileReference; lastKnownFileType = text.xcconfig; name = "LaunchPad with msp430g2553.xcconfig"; path = "Config/LaunchPad with msp430g2553.xcconfig"; sourceTree = "<group>"; };
		9D11E16D1567561A0002D8A1 /* Sparkfun UNO.xcconfig */ = {isa = PBXFileReference; lastKnownFileType = text.xcconfig; name = "Sparkfun UNO.xcconfig"; path = "Config/Sparkfun UNO.xcconfig"; sourceTree = "<group>"; };
		9D11E16E1567561A0002D8A1 /* Wiring S.xcconfig */ = {isa = PBXFileReference; lastKnownFileType = text.xcconfig; name = "Wiring S.xcconfig"; path = "Config/Wiring S.xcconfig"; sourceTree = "<group>"; };
		9D11E16F1567561A0002D8A1 /* Makefile */ = {isa = PBXFileReference; lastKnownFileType = sourcecode.make; path = Makefile; sourceTree = "<group>"; };
		9D11E1711567561A0002D8A1 /* Step1.mk */ = {isa = PBXFileReference; lastKnownFileType = text; name = Step1.mk; path = Makefiles/Step1.mk; sourceTree = "<group>"; };
		9D11E1721567561A0002D8A1 /* Step2.mk */ = {isa = PBXFileReference; lastKnownFileType = text; name = Step2.mk; path = Makefiles/Step2.mk; sourceTree = "<group>"; };
		9D11E1731567561A0002D8A1 /* Arduino.mk */ = {isa = PBXFileReference; lastKnownFileType = text; name = Arduino.mk; path = Makefiles/Arduino.mk; sourceTree = "<group>"; };
		9D11E1741567561A0002D8A1 /* Arduino1.mk */ = {isa = PBXFileReference; lastKnownFileType = text; name = Arduino1.mk; path = Makefiles/Arduino1.mk; sourceTree = "<group>"; };
		9D11E1751567561A0002D8A1 /* Arduino23.mk */ = {isa = PBXFileReference; lastKnownFileType = text; name = Arduino23.mk; path = Makefiles/Arduino23.mk; sourceTree = "<group>"; };
		9D11E1761567561A0002D8A1 /* Energia.mk */ = {isa = PBXFileReference; lastKnownFileType = text; name = Energia.mk; path = Makefiles/Energia.mk; sourceTree = "<group>"; };
		9D11E1771567561A0002D8A1 /* Mpide.mk */ = {isa = PBXFileReference; lastKnownFileType = text; name = Mpide.mk; path = Makefiles/Mpide.mk; sourceTree = "<group>"; };
		9D11E1781567561A0002D8A1 /* Wiring.mk */ = {isa = PBXFileReference; lastKnownFileType = text; name = Wiring.mk; path = Makefiles/Wiring.mk; sourceTree = "<group>"; };
		9D11E1791567561A0002D8A1 /* Avrdude.mk */ = {isa = PBXFileReference; lastKnownFileType = text; name = Avrdude.mk; path = Makefiles/Avrdude.mk; sourceTree = "<group>"; };
		9D11E17B1567561A0002D8A1 /* README.txt */ = {isa = PBXFileReference; lastKnownFileType = text; path = README.txt; sourceTree = "<group>"; };
		9D11E17C1567561A0002D8A1 /* References.txt */ = {isa = PBXFileReference; lastKnownFileType = text; name = References.txt; path = About/References.txt; sourceTree = "<group>"; };
		9D11E17D1567561A0002D8A1 /* README_peplin.txt */ = {isa = PBXFileReference; lastKnownFileType = text; name = README_peplin.txt; path = About/README_peplin.txt; sourceTree = "<group>"; };
		9D11E17E1567561A0002D8A1 /* README_mjo_tc.txt */ = {isa = PBXFileReference; lastKnownFileType = text; name = README_mjo_tc.txt; path = About/README_mjo_tc.txt; sourceTree = "<group>"; };
		9D11E17F1567561A0002D8A1 /* Licence GNU LGPL.txt */ = {isa = PBXFileReference; lastKnownFileType = text; name = "Licence GNU LGPL.txt"; path = "About/Licence GNU LGPL.txt"; sourceTree = "<group>"; };
		9D11E1801567561A0002D8A1 /* Licence CC BY-NC-SA.txt */ = {isa = PBXFileReference; lastKnownFileType = text; name = "Licence CC BY-NC-SA.txt"; path = "About/Licence CC BY-NC-SA.txt"; sourceTree = "<group>"; };
		9D11E29E15675D350002D8A1 /* Libraries */ = {isa = PBXFileReference; lastKnownFileType = folder; name = Libraries; path = ../../../Documents/Arduino/Libraries; sourceTree = "<group>"; };
		9DD4DA541574273C009DEAE0 /* CrbMenu.cpp */ = {isa = PBXFileReference; fileEncoding = 4; lastKnownFileType = sourcecode.cpp.cpp; path = CrbMenu.cpp; sourceTree = "<group>"; };
		9DD4DA5715742748009DEAE0 /* CrbMenu.h */ = {isa = PBXFileReference; fileEncoding = 4; lastKnownFileType = sourcecode.c.h; path = CrbMenu.h; sourceTree = "<group>"; };
/* End PBXFileReference section */

/* Begin PBXGroup section */
		9D11DF27156756170002D8A1 = {
			isa = PBXGroup;
			children = (
				9D11E29E15675D350002D8A1 /* Libraries */,
				9D11DF3A156756180002D8A1 /* ChargerControl */,
				9D11DF31156756180002D8A1 /* Products */,
			);
			sourceTree = "<group>";
		};
		9D11DF31156756180002D8A1 /* Products */ = {
			isa = PBXGroup;
			children = (
				9D11DF30156756180002D8A1 /* Index */,
			);
			name = Products;
			sourceTree = "<group>";
		};
		9D11DF3A156756180002D8A1 /* ChargerControl */ = {
			isa = PBXGroup;
			children = (
				9D11DF3B156756180002D8A1 /* main.cpp */,
				9D11DF3D156756180002D8A1 /* ChargerControl.pde */,
				9DD4DA5715742748009DEAE0 /* CrbMenu.h */,
				9DD4DA541574273C009DEAE0 /* CrbMenu.cpp */,
				9D11E16F1567561A0002D8A1 /* Makefile */,
				9D11DF41156756180002D8A1 /* Sketchbook */,
				9D11DF73156756180002D8A1 /* Arduino */,
				9D11E1651567561A0002D8A1 /* Config */,
				9D11E1701567561A0002D8A1 /* Makefiles */,
				9D11E17A1567561A0002D8A1 /* About */,
			);
			path = ChargerControl;
			sourceTree = "<group>";
		};
		9D11DF41156756180002D8A1 /* Sketchbook */ = {
			isa = PBXGroup;
			children = (
				9D11DF42156756180002D8A1 /* Sketchbook */,
			);
			name = Sketchbook;
			sourceTree = "<group>";
		};
		9D11DF73156756180002D8A1 /* Arduino */ = {
			isa = PBXGroup;
			children = (
				9D11DF74156756180002D8A1 /* libraries */,
				9D11E06F1567561A0002D8A1 /* cores */,
			);
			name = Arduino;
			sourceTree = "<group>";
		};
		9D11DF74156756180002D8A1 /* libraries */ = {
			isa = PBXGroup;
			children = (
				9D11DF75156756180002D8A1 /* EEPROM */,
				9D11DF79156756180002D8A1 /* Ethernet */,
				9D11DF8D156756180002D8A1 /* Firmata */,
				9D11DF92156756180002D8A1 /* LiquidCrystal */,
				9D11DF96156756190002D8A1 /* Matrix */,
				9D11DFAE156756190002D8A1 /* Servo */,
				9D11DFB2156756190002D8A1 /* SoftwareSerial */,
				9D11DFB6156756190002D8A1 /* SPI */,
				9D11DFBA156756190002D8A1 /* Sprite */,
				9D11DFBF156756190002D8A1 /* Stepper */,
				9D11DFC3156756190002D8A1 /* Wire */,
			);
			name = libraries;
			sourceTree = "<group>";
		};
		9D11DF75156756180002D8A1 /* EEPROM */ = {
			isa = PBXGroup;
			children = (
				9D11DF76156756180002D8A1 /* EEPROM.h */,
				9D11DF77156756180002D8A1 /* EEPROM.cpp */,
			);
			name = EEPROM;
			sourceTree = "<group>";
		};
		9D11DF79156756180002D8A1 /* Ethernet */ = {
			isa = PBXGroup;
			children = (
				9D11DF7A156756180002D8A1 /* Client.cpp */,
				9D11DF7C156756180002D8A1 /* Client.h */,
				9D11DF7D156756180002D8A1 /* Ethernet.cpp */,
				9D11DF7F156756180002D8A1 /* Ethernet.h */,
				9D11DF80156756180002D8A1 /* Server.cpp */,
				9D11DF82156756180002D8A1 /* Server.h */,
				9D11DF83156756180002D8A1 /* Udp.cpp */,
				9D11DF85156756180002D8A1 /* Udp.h */,
				9D11DF86156756180002D8A1 /* utility */,
			);
			name = Ethernet;
			sourceTree = "<group>";
		};
		9D11DF86156756180002D8A1 /* utility */ = {
			isa = PBXGroup;
			children = (
				9D11DF87156756180002D8A1 /* socket.cpp */,
				9D11DF89156756180002D8A1 /* socket.h */,
				9D11DF8A156756180002D8A1 /* w5100.cpp */,
				9D11DF8C156756180002D8A1 /* w5100.h */,
			);
			name = utility;
			sourceTree = "<group>";
		};
		9D11DF8D156756180002D8A1 /* Firmata */ = {
			isa = PBXGroup;
			children = (
				9D11DF8E156756180002D8A1 /* Boards.h */,
				9D11DF8F156756180002D8A1 /* Firmata.cpp */,
				9D11DF91156756180002D8A1 /* Firmata.h */,
			);
			name = Firmata;
			sourceTree = "<group>";
		};
		9D11DF92156756180002D8A1 /* LiquidCrystal */ = {
			isa = PBXGroup;
			children = (
				9D11DF93156756180002D8A1 /* LiquidCrystal.cpp */,
				9D11DF95156756190002D8A1 /* LiquidCrystal.h */,
			);
			name = LiquidCrystal;
			sourceTree = "<group>";
		};
		9D11DF96156756190002D8A1 /* Matrix */ = {
			isa = PBXGroup;
			children = (
				9D11DF97156756190002D8A1 /* Matrix.cpp */,
				9D11DF99156756190002D8A1 /* Matrix.h */,
			);
			name = Matrix;
			sourceTree = "<group>";
		};
		9D11DFAE156756190002D8A1 /* Servo */ = {
			isa = PBXGroup;
			children = (
				9D11DFAF156756190002D8A1 /* Servo.cpp */,
				9D11DFB1156756190002D8A1 /* Servo.h */,
			);
			name = Servo;
			sourceTree = "<group>";
		};
		9D11DFB2156756190002D8A1 /* SoftwareSerial */ = {
			isa = PBXGroup;
			children = (
				9D11DFB3156756190002D8A1 /* SoftwareSerial.cpp */,
				9D11DFB5156756190002D8A1 /* SoftwareSerial.h */,
			);
			name = SoftwareSerial;
			sourceTree = "<group>";
		};
		9D11DFB6156756190002D8A1 /* SPI */ = {
			isa = PBXGroup;
			children = (
				9D11DFB7156756190002D8A1 /* SPI.cpp */,
				9D11DFB9156756190002D8A1 /* SPI.h */,
			);
			name = SPI;
			sourceTree = "<group>";
		};
		9D11DFBA156756190002D8A1 /* Sprite */ = {
			isa = PBXGroup;
			children = (
				9D11DFBB156756190002D8A1 /* binary.h */,
				9D11DFBC156756190002D8A1 /* Sprite.cpp */,
				9D11DFBE156756190002D8A1 /* Sprite.h */,
			);
			name = Sprite;
			sourceTree = "<group>";
		};
		9D11DFBF156756190002D8A1 /* Stepper */ = {
			isa = PBXGroup;
			children = (
				9D11DFC0156756190002D8A1 /* Stepper.cpp */,
				9D11DFC2156756190002D8A1 /* Stepper.h */,
			);
			name = Stepper;
			sourceTree = "<group>";
		};
		9D11DFC3156756190002D8A1 /* Wire */ = {
			isa = PBXGroup;
			children = (
				9D11DFC8156756190002D8A1 /* Wire.cpp */,
				9D11DFCA156756190002D8A1 /* Wire.h */,
				9D11DFC4156756190002D8A1 /* utility */,
			);
			name = Wire;
			sourceTree = "<group>";
		};
		9D11DFC4156756190002D8A1 /* utility */ = {
			isa = PBXGroup;
			children = (
				9D11DFC5156756190002D8A1 /* twi.c */,
				9D11DFC7156756190002D8A1 /* twi.h */,
			);
			name = utility;
			sourceTree = "<group>";
		};
		9D11E06F1567561A0002D8A1 /* cores */ = {
			isa = PBXGroup;
			children = (
				9D11E0701567561A0002D8A1 /* arduino */,
			);
			name = cores;
			sourceTree = "<group>";
		};
		9D11E0701567561A0002D8A1 /* arduino */ = {
			isa = PBXGroup;
			children = (
				9D11E0711567561A0002D8A1 /* binary.h */,
				9D11E0721567561A0002D8A1 /* HardwareSerial.h */,
				9D11E0731567561A0002D8A1 /* pins_arduino.h */,
				9D11E0741567561A0002D8A1 /* Print.h */,
				9D11E0751567561A0002D8A1 /* Stream.h */,
				9D11E0761567561A0002D8A1 /* WCharacter.h */,
				9D11E0771567561A0002D8A1 /* WConstants.h */,
				9D11E0781567561A0002D8A1 /* wiring.h */,
				9D11E0791567561A0002D8A1 /* wiring_private.h */,
				9D11E07A1567561A0002D8A1 /* WProgram.h */,
				9D11E07B1567561A0002D8A1 /* WString.h */,
				9D11E07C1567561A0002D8A1 /* pins_arduino.c */,
				9D11E07E1567561A0002D8A1 /* WInterrupts.c */,
				9D11E0801567561A0002D8A1 /* wiring.c */,
				9D11E0821567561A0002D8A1 /* wiring_analog.c */,
				9D11E0841567561A0002D8A1 /* wiring_digital.c */,
				9D11E0861567561A0002D8A1 /* wiring_pulse.c */,
				9D11E0881567561A0002D8A1 /* wiring_shift.c */,
				9D11E08A1567561A0002D8A1 /* HardwareSerial.cpp */,
				9D11E08C1567561A0002D8A1 /* Print.cpp */,
				9D11E08E1567561A0002D8A1 /* Tone.cpp */,
				9D11E0901567561A0002D8A1 /* WMath.cpp */,
				9D11E0921567561A0002D8A1 /* WString.cpp */,
			);
			name = arduino;
			sourceTree = "<group>";
		};
		9D11E1651567561A0002D8A1 /* Config */ = {
			isa = PBXGroup;
			children = (
				9D11E1661567561A0002D8A1 /* Arduino mega2560.xcconfig */,
				9D11E1671567561A0002D8A1 /* Arduino mini pro.xcconfig */,
				9D11E1681567561A0002D8A1 /* Arduino UNO.xcconfig */,
				9D11E1691567561A0002D8A1 /* chipKIT UNO32.xcconfig */,
				9D11E16A1567561A0002D8A1 /* LaunchPad with msp430g2231.xcconfig */,
				9D11E16B1567561A0002D8A1 /* LaunchPad with msp430g2452.xcconfig */,
				9D11E16C1567561A0002D8A1 /* LaunchPad with msp430g2553.xcconfig */,
				9D11E16D1567561A0002D8A1 /* Sparkfun UNO.xcconfig */,
				9D11E16E1567561A0002D8A1 /* Wiring S.xcconfig */,
			);
			name = Config;
			sourceTree = "<group>";
		};
		9D11E1701567561A0002D8A1 /* Makefiles */ = {
			isa = PBXGroup;
			children = (
				9D11E1711567561A0002D8A1 /* Step1.mk */,
				9D11E1721567561A0002D8A1 /* Step2.mk */,
				9D11E1731567561A0002D8A1 /* Arduino.mk */,
				9D11E1741567561A0002D8A1 /* Arduino1.mk */,
				9D11E1751567561A0002D8A1 /* Arduino23.mk */,
				9D11E1761567561A0002D8A1 /* Energia.mk */,
				9D11E1771567561A0002D8A1 /* Mpide.mk */,
				9D11E1781567561A0002D8A1 /* Wiring.mk */,
				9D11E1791567561A0002D8A1 /* Avrdude.mk */,
			);
			name = Makefiles;
			sourceTree = "<group>";
		};
		9D11E17A1567561A0002D8A1 /* About */ = {
			isa = PBXGroup;
			children = (
				9D11E17B1567561A0002D8A1 /* README.txt */,
				9D11E17C1567561A0002D8A1 /* References.txt */,
				9D11E17D1567561A0002D8A1 /* README_peplin.txt */,
				9D11E17E1567561A0002D8A1 /* README_mjo_tc.txt */,
				9D11E17F1567561A0002D8A1 /* Licence GNU LGPL.txt */,
				9D11E1801567561A0002D8A1 /* Licence CC BY-NC-SA.txt */,
			);
			name = About;
			sourceTree = "<group>";
		};
/* End PBXGroup section */

/* Begin PBXLegacyTarget section */
		9D11DF33156756180002D8A1 /* Boards */ = {
			isa = PBXLegacyTarget;
			buildArgumentsString = "boards -C $(PROJECT)";
			buildConfigurationList = 9D11E1861567561A0002D8A1 /* Build configuration list for PBXLegacyTarget "Boards" */;
			buildPhases = (
			);
			buildToolPath = make;
			dependencies = (
			);
			name = Boards;
			passBuildSettingsInEnvironment = 1;
			productName = Boards;
		};
		9D11DF34156756180002D8A1 /* All */ = {
			isa = PBXLegacyTarget;
			buildArgumentsString = "all -C $(PROJECT)";
			buildConfigurationList = 9D11E1891567561A0002D8A1 /* Build configuration list for PBXLegacyTarget "All" */;
			buildPhases = (
			);
			buildToolPath = make;
			dependencies = (
			);
			name = All;
			passBuildSettingsInEnvironment = 1;
			productName = All;
		};
		9D11DF35156756180002D8A1 /* Serial */ = {
			isa = PBXLegacyTarget;
			buildArgumentsString = "serial -C $(PROJECT)";
			buildConfigurationList = 9D11E18C1567561A0002D8A1 /* Build configuration list for PBXLegacyTarget "Serial" */;
			buildPhases = (
			);
			buildToolPath = make;
			dependencies = (
			);
			name = Serial;
			passBuildSettingsInEnvironment = 1;
			productName = Serial;
		};
		9D11DF36156756180002D8A1 /* Upload */ = {
			isa = PBXLegacyTarget;
			buildArgumentsString = "build upload";
			buildConfigurationList = 9D11E18F1567561A0002D8A1 /* Build configuration list for PBXLegacyTarget "Upload" */;
			buildPhases = (
			);
			buildToolPath = make;
			buildWorkingDirectory = "$(PROJECT)";
			dependencies = (
			);
			name = Upload;
			passBuildSettingsInEnvironment = 1;
			productName = Upload;
		};
		9D11DF37156756180002D8A1 /* Clean */ = {
			isa = PBXLegacyTarget;
			buildArgumentsString = "clean -C $(PROJECT)";
			buildConfigurationList = 9D11E1921567561A0002D8A1 /* Build configuration list for PBXLegacyTarget "Clean" */;
			buildPhases = (
			);
			buildToolPath = make;
			dependencies = (
			);
			name = Clean;
			passBuildSettingsInEnvironment = 1;
			productName = Clean;
		};
		9D11DF38156756180002D8A1 /* Make */ = {
			isa = PBXLegacyTarget;
			buildArgumentsString = make;
			buildConfigurationList = 9D11E1951567561A0002D8A1 /* Build configuration list for PBXLegacyTarget "Make" */;
			buildPhases = (
			);
			buildToolPath = make;
			buildWorkingDirectory = "$(PROJECT)";
			dependencies = (
			);
			name = Make;
			passBuildSettingsInEnvironment = 1;
			productName = Make;
		};
		9D11DF39156756180002D8A1 /* Build */ = {
			isa = PBXLegacyTarget;
			buildArgumentsString = build;
			buildConfigurationList = 9D11E1981567561A0002D8A1 /* Build configuration list for PBXLegacyTarget "Build" */;
			buildPhases = (
			);
			buildToolPath = make;
			buildWorkingDirectory = "$(PROJECT)";
			dependencies = (
			);
			name = Build;
			passBuildSettingsInEnvironment = 1;
			productName = Build;
		};
/* End PBXLegacyTarget section */

/* Begin PBXNativeTarget section */
		9D11DF2F156756180002D8A1 /* Index */ = {
			isa = PBXNativeTarget;
			buildConfigurationList = 9D11E1831567561A0002D8A1 /* Build configuration list for PBXNativeTarget "Index" */;
			buildPhases = (
				9D11DF2E156756180002D8A1 /* Sources */,
			);
			buildRules = (
			);
			dependencies = (
			);
			name = Index;
			productName = Index;
			productReference = 9D11DF30156756180002D8A1 /* Index */;
			productType = "com.apple.product-type.tool";
		};
/* End PBXNativeTarget section */

/* Begin PBXProject section */
		9D11DF29156756180002D8A1 /* Project object */ = {
			isa = PBXProject;
			attributes = {
				LastUpgradeCheck = 0430;
			};
			buildConfigurationList = 9D11DF2C156756180002D8A1 /* Build configuration list for PBXProject "ChargerControl" */;
			compatibilityVersion = "Xcode 3.2";
			developmentRegion = English;
			hasScannedForEncodings = 0;
			knownRegions = (
				en,
			);
			mainGroup = 9D11DF27156756170002D8A1;
			productRefGroup = 9D11DF31156756180002D8A1 /* Products */;
			projectDirPath = "";
			projectRoot = "";
			targets = (
				9D11DF2F156756180002D8A1 /* Index */,
				9D11DF33156756180002D8A1 /* Boards */,
				9D11DF34156756180002D8A1 /* All */,
				9D11DF35156756180002D8A1 /* Serial */,
				9D11DF38156756180002D8A1 /* Make */,
				9D11DF36156756180002D8A1 /* Upload */,
				9D11DF37156756180002D8A1 /* Clean */,
				9D11DF39156756180002D8A1 /* Build */,
			);
		};
/* End PBXProject section */

/* Begin PBXSourcesBuildPhase section */
		9D11DF2E156756180002D8A1 /* Sources */ = {
			isa = PBXSourcesBuildPhase;
			buildActionMask = 2147483647;
			files = (
				9DD4DA5F1574405D009DEAE0 /* CrbMenu.h in Sources */,
				9D11E1A0156759730002D8A1 /* ChargerControl.pde in Sources */,
				9D11E1AF156759730002D8A1 /* EEPROM.h in Sources */,
				9D11E1B0156759730002D8A1 /* Client.h in Sources */,
				9D11E1B1156759730002D8A1 /* Ethernet.h in Sources */,
				9D11E1B2156759730002D8A1 /* Server.h in Sources */,
				9D11E1B3156759730002D8A1 /* Udp.h in Sources */,
				9D11E1B4156759730002D8A1 /* socket.h in Sources */,
				9D11E1B5156759730002D8A1 /* w5100.h in Sources */,
				9D11E1B6156759730002D8A1 /* Boards.h in Sources */,
				9D11E1B7156759730002D8A1 /* Firmata.h in Sources */,
				9D11E1B8156759730002D8A1 /* LiquidCrystal.h in Sources */,
				9D11E1B9156759730002D8A1 /* Matrix.h in Sources */,
				9D11E1C2156759730002D8A1 /* Servo.h in Sources */,
				9D11E1C3156759730002D8A1 /* SoftwareSerial.h in Sources */,
				9D11E1C4156759730002D8A1 /* SPI.h in Sources */,
				9D11E1C5156759730002D8A1 /* binary.h in Sources */,
				9D11E1C6156759730002D8A1 /* Sprite.h in Sources */,
				9D11E1C7156759730002D8A1 /* Stepper.h in Sources */,
				9D11E1C8156759730002D8A1 /* Wire.h in Sources */,
				9D11E1C9156759730002D8A1 /* twi.h in Sources */,
				9D11E1CA156759730002D8A1 /* binary.h in Sources */,
				9D11E1CB156759730002D8A1 /* HardwareSerial.h in Sources */,
				9D11E1CC156759730002D8A1 /* pins_arduino.h in Sources */,
				9D11E1CD156759730002D8A1 /* Print.h in Sources */,
				9D11E1CE156759730002D8A1 /* Stream.h in Sources */,
				9D11E1CF156759730002D8A1 /* WCharacter.h in Sources */,
				9D11E1D0156759730002D8A1 /* WConstants.h in Sources */,
				9D11E1D1156759730002D8A1 /* wiring.h in Sources */,
				9D11E1D2156759730002D8A1 /* wiring_private.h in Sources */,
				9D11E1D3156759730002D8A1 /* WProgram.h in Sources */,
				9D11E1D4156759730002D8A1 /* WString.h in Sources */,
				9D11DF3C156756180002D8A1 /* main.cpp in Sources */,
				9D11DF78156756180002D8A1 /* EEPROM.cpp in Sources */,
				9D11DF7B156756180002D8A1 /* Client.cpp in Sources */,
				9D11DF7E156756180002D8A1 /* Ethernet.cpp in Sources */,
				9D11DF81156756180002D8A1 /* Server.cpp in Sources */,
				9D11DF84156756180002D8A1 /* Udp.cpp in Sources */,
				9D11DF88156756180002D8A1 /* socket.cpp in Sources */,
				9D11DF8B156756180002D8A1 /* w5100.cpp in Sources */,
				9D11DF90156756180002D8A1 /* Firmata.cpp in Sources */,
				9D11DF94156756180002D8A1 /* LiquidCrystal.cpp in Sources */,
				9D11DF98156756190002D8A1 /* Matrix.cpp in Sources */,
				9D11DFB0156756190002D8A1 /* Servo.cpp in Sources */,
				9D11DFB4156756190002D8A1 /* SoftwareSerial.cpp in Sources */,
				9D11DFB8156756190002D8A1 /* SPI.cpp in Sources */,
				9D11DFBD156756190002D8A1 /* Sprite.cpp in Sources */,
				9D11DFC1156756190002D8A1 /* Stepper.cpp in Sources */,
				9D11DFC6156756190002D8A1 /* twi.c in Sources */,
				9D11DFC9156756190002D8A1 /* Wire.cpp in Sources */,
				9D11E07D1567561A0002D8A1 /* pins_arduino.c in Sources */,
				9D11E07F1567561A0002D8A1 /* WInterrupts.c in Sources */,
				9D11E0811567561A0002D8A1 /* wiring.c in Sources */,
				9D11E0831567561A0002D8A1 /* wiring_analog.c in Sources */,
				9D11E0851567561A0002D8A1 /* wiring_digital.c in Sources */,
				9D11E0871567561A0002D8A1 /* wiring_pulse.c in Sources */,
				9D11E0891567561A0002D8A1 /* wiring_shift.c in Sources */,
				9D11E08B1567561A0002D8A1 /* HardwareSerial.cpp in Sources */,
				9D11E08D1567561A0002D8A1 /* Print.cpp in Sources */,
				9D11E08F1567561A0002D8A1 /* Tone.cpp in Sources */,
				9D11E0911567561A0002D8A1 /* WMath.cpp in Sources */,
				9D11E0931567561A0002D8A1 /* WString.cpp in Sources */,
				9DD4DA551574273C009DEAE0 /* CrbMenu.cpp in Sources */,
			);
			runOnlyForDeploymentPostprocessing = 0;
		};
/* End PBXSourcesBuildPhase section */

/* Begin XCBuildConfiguration section */
		9D11E1811567561A0002D8A1 /* Debug */ = {
			isa = XCBuildConfiguration;
			baseConfigurationReference = 9D11E1681567561A0002D8A1 /* Arduino UNO.xcconfig */;
			buildSettings = {
				ALWAYS_SEARCH_USER_PATHS = NO;
				COPY_PHASE_STRIP = NO;
				GCC_C_LANGUAGE_STANDARD = gnu99;
				GCC_DYNAMIC_NO_PIC = NO;
				GCC_OPTIMIZATION_LEVEL = 0;
				GCC_PREPROCESSOR_DEFINITIONS = (
					"DEBUG=1",
					"$(inherited)",
				);
				GCC_SYMBOLS_PRIVATE_EXTERN = NO;
				GCC_WARN_ABOUT_RETURN_TYPE = YES;
				GCC_WARN_UNINITIALIZED_AUTOS = YES;
				GCC_WARN_UNUSED_VARIABLE = YES;
				PATH = "$(PATH):$(PROJECT_DIR)";
				PRODUCT_NAME = "$(TARGET_NAME)";
				SKETCHBOOK_DIR = /corbin/Documents/Arduino;
			};
			name = Debug;
		};
		9D11E1821567561A0002D8A1 /* Release */ = {
			isa = XCBuildConfiguration;
			buildSettings = {
				ALWAYS_SEARCH_USER_PATHS = NO;
				COPY_PHASE_STRIP = YES;
				GCC_C_LANGUAGE_STANDARD = gnu99;
				GCC_WARN_ABOUT_RETURN_TYPE = YES;
				GCC_WARN_UNINITIALIZED_AUTOS = YES;
				GCC_WARN_UNUSED_VARIABLE = YES;
				PATH = "$(PATH):$(PROJECT_DIR)";
				PRODUCT_NAME = "$(TARGET_NAME)";
				SKETCHBOOK_DIR = /corbin/Documents/Arduino;
			};
			name = Release;
		};
		9D11E1841567561A0002D8A1 /* Debug */ = {
			isa = XCBuildConfiguration;
			baseConfigurationReference = 9D11E1681567561A0002D8A1 /* Arduino UNO.xcconfig */;
			buildSettings = {
				PRODUCT_NAME = "$(TARGET_NAME)";
			};
			name = Debug;
		};
		9D11E1851567561A0002D8A1 /* Release */ = {
			isa = XCBuildConfiguration;
			buildSettings = {
				PRODUCT_NAME = "$(TARGET_NAME)";
			};
			name = Release;
		};
		9D11E1871567561A0002D8A1 /* Debug */ = {
			isa = XCBuildConfiguration;
			baseConfigurationReference = 9D11E1681567561A0002D8A1 /* Arduino UNO.xcconfig */;
			buildSettings = {
			};
			name = Debug;
		};
		9D11E1881567561A0002D8A1 /* Release */ = {
			isa = XCBuildConfiguration;
			buildSettings = {
			};
			name = Release;
		};
		9D11E18A1567561A0002D8A1 /* Debug */ = {
			isa = XCBuildConfiguration;
			baseConfigurationReference = 9D11E1681567561A0002D8A1 /* Arduino UNO.xcconfig */;
			buildSettings = {
			};
			name = Debug;
		};
		9D11E18B1567561A0002D8A1 /* Release */ = {
			isa = XCBuildConfiguration;
			buildSettings = {
			};
			name = Release;
		};
		9D11E18D1567561A0002D8A1 /* Debug */ = {
			isa = XCBuildConfiguration;
			baseConfigurationReference = 9D11E1681567561A0002D8A1 /* Arduino UNO.xcconfig */;
			buildSettings = {
			};
			name = Debug;
		};
		9D11E18E1567561A0002D8A1 /* Release */ = {
			isa = XCBuildConfiguration;
			buildSettings = {
			};
			name = Release;
		};
		9D11E1901567561A0002D8A1 /* Debug */ = {
			isa = XCBuildConfiguration;
			baseConfigurationReference = 9D11E1681567561A0002D8A1 /* Arduino UNO.xcconfig */;
			buildSettings = {
			};
			name = Debug;
		};
		9D11E1911567561A0002D8A1 /* Release */ = {
			isa = XCBuildConfiguration;
			buildSettings = {
			};
			name = Release;
		};
		9D11E1931567561A0002D8A1 /* Debug */ = {
			isa = XCBuildConfiguration;
			baseConfigurationReference = 9D11E1681567561A0002D8A1 /* Arduino UNO.xcconfig */;
			buildSettings = {
			};
			name = Debug;
		};
		9D11E1941567561A0002D8A1 /* Release */ = {
			isa = XCBuildConfiguration;
			buildSettings = {
			};
			name = Release;
		};
		9D11E1961567561A0002D8A1 /* Debug */ = {
			isa = XCBuildConfiguration;
			baseConfigurationReference = 9D11E1681567561A0002D8A1 /* Arduino UNO.xcconfig */;
			buildSettings = {
			};
			name = Debug;
		};
		9D11E1971567561A0002D8A1 /* Release */ = {
			isa = XCBuildConfiguration;
			buildSettings = {
			};
			name = Release;
		};
		9D11E1991567561A0002D8A1 /* Debug */ = {
			isa = XCBuildConfiguration;
			baseConfigurationReference = 9D11E1681567561A0002D8A1 /* Arduino UNO.xcconfig */;
			buildSettings = {
			};
			name = Debug;
		};
		9D11E19A1567561A0002D8A1 /* Release */ = {
			isa = XCBuildConfiguration;
			buildSettings = {
			};
			name = Release;
		};
/* End XCBuildConfiguration section */

/* Begin XCConfigurationList section */
		9D11DF2C156756180002D8A1 /* Build configuration list for PBXProject "ChargerControl" */ = {
			isa = XCConfigurationList;
			buildConfigurations = (
				9D11E1811567561A0002D8A1 /* Debug */,
				9D11E1821567561A0002D8A1 /* Release */,
			);
			defaultConfigurationIsVisible = 0;
			defaultConfigurationName = Release;
		};
		9D11E1831567561A0002D8A1 /* Build configuration list for PBXNativeTarget "Index" */ = {
			isa = XCConfigurationList;
			buildConfigurations = (
				9D11E1841567561A0002D8A1 /* Debug */,
				9D11E1851567561A0002D8A1 /* Release */,
			);
			defaultConfigurationIsVisible = 0;
			defaultConfigurationName = Release;
		};
		9D11E1861567561A0002D8A1 /* Build configuration list for PBXLegacyTarget "Boards" */ = {
			isa = XCConfigurationList;
			buildConfigurations = (
				9D11E1871567561A0002D8A1 /* Debug */,
				9D11E1881567561A0002D8A1 /* Release */,
			);
			defaultConfigurationIsVisible = 0;
			defaultConfigurationName = Release;
		};
		9D11E1891567561A0002D8A1 /* Build configuration list for PBXLegacyTarget "All" */ = {
			isa = XCConfigurationList;
			buildConfigurations = (
				9D11E18A1567561A0002D8A1 /* Debug */,
				9D11E18B1567561A0002D8A1 /* Release */,
			);
			defaultConfigurationIsVisible = 0;
			defaultConfigurationName = Release;
		};
		9D11E18C1567561A0002D8A1 /* Build configuration list for PBXLegacyTarget "Serial" */ = {
			isa = XCConfigurationList;
			buildConfigurations = (
				9D11E18D1567561A0002D8A1 /* Debug */,
				9D11E18E1567561A0002D8A1 /* Release */,
			);
			defaultConfigurationIsVisible = 0;
			defaultConfigurationName = Release;
		};
		9D11E18F1567561A0002D8A1 /* Build configuration list for PBXLegacyTarget "Upload" */ = {
			isa = XCConfigurationList;
			buildConfigurations = (
				9D11E1901567561A0002D8A1 /* Debug */,
				9D11E1911567561A0002D8A1 /* Release */,
			);
			defaultConfigurationIsVisible = 0;
			defaultConfigurationName = Release;
		};
		9D11E1921567561A0002D8A1 /* Build configuration list for PBXLegacyTarget "Clean" */ = {
			isa = XCConfigurationList;
			buildConfigurations = (
				9D11E1931567561A0002D8A1 /* Debug */,
				9D11E1941567561A0002D8A1 /* Release */,
			);
			defaultConfigurationIsVisible = 0;
			defaultConfigurationName = Release;
		};
		9D11E1951567561A0002D8A1 /* Build configuration list for PBXLegacyTarget "Make" */ = {
			isa = XCConfigurationList;
			buildConfigurations = (
				9D11E1961567561A0002D8A1 /* Debug */,
				9D11E1971567561A0002D8A1 /* Release */,
			);
			defaultConfigurationIsVisible = 0;
			defaultConfigurationName = Release;
		};
		9D11E1981567561A0002D8A1 /* Build configuration list for PBXLegacyTarget "Build" */ = {
			isa = XCConfigurationList;
			buildConfigurations = (
				9D11E1991567561A0002D8A1 /* Debug */,
				9D11E19A1567561A0002D8A1 /* Release */,
			);
			defaultConfigurationIsVisible = 0;
			defaultConfigurationName = Release;
		};
/* End XCConfigurationList section */
	};
	rootObject = 9D11DF29156756180002D8A1 /* Project object */;
}
